
Microsoft Visual Studio Solution File, Format Version 12.00
# Visual Studio Version 17
VisualStudioVersion = 17.3.32825.248
MinimumVisualStudioVersion = 10.0.40219.1
Project("{FAE04EC0-301F-11D3-BF4B-00C04F79EFBC}") = "MoneyConverter", "MoneyConverter\MoneyConverter.csproj", "{5A98C578-80AE-462A-B357-F85B74FCE56B}"
EndProject
Global
	GlobalSection(SolutionConfigurationPlatforms) = preSolution
		Debug|Any CPU = Debug|Any CPU
		Release|Any CPU = Release|Any CPU
	EndGlobalSection
	GlobalSection(ProjectConfigurationPlatforms) = postSolution
		{5A98C578-80AE-462A-B357-F85B74FCE56B}.Debug|Any CPU.ActiveCfg = Debug|Any CPU
		{5A98C578-80AE-462A-B357-F85B74FCE56B}.Debug|Any CPU.Build.0 = Debug|Any CPU
		{5A98C578-80AE-462A-B357-F85B74FCE56B}.Release|Any CPU.ActiveCfg = Release|Any CPU
		{5A98C578-80AE-462A-B357-F85B74FCE56B}.Release|Any CPU.Build.0 = Release|Any CPU
	EndGlobalSection
	GlobalSection(SolutionProperties) = preSolution
		HideSolutionNode = FALSE
	EndGlobalSection
	GlobalSection(ExtensibilityGlobals) = postSolution
		SolutionGuid = {56A4479A-A677-4422-BB76-8F2A979F0026}
	EndGlobalSection
EndGlobal
